# THIS IS AN AUTOGENERATED FILE. DO NOT EDIT THIS FILE DIRECTLY.
# yarn lockfile v1


vue-analytics@^5.16.4:
  version "5.16.4"
  resolved "https://registry.yarnpkg.com/vue-analytics/-/vue-analytics-5.16.4.tgz#7f9e197cbc64afac96884a05214b17efaf8e9d09"
  integrity sha512-M67cUqpPeyk2rftrvlx2uU+BQ/C4E8SkF2Ct9LizOYUoTccZtCCJwhMJfQ3XL8xep6p3K8KYz58FzRWvx5zlPw==
