# THIS IS AN AUTOGENERATED FILE. DO NOT EDIT THIS FILE DIRECTLY.
# yarn lockfile v1


"@mdi/font@^3.5.95":
  version "3.5.95"
  resolved "https://registry.yarnpkg.com/@mdi/font/-/font-3.5.95.tgz#422d1982566b4a0577b457cd0acc2168ee8343c3"
  integrity sha512-WHSJ0TJ70qkn+EPsW9w22pQU+kjEnRZlfN4N7xsFFmKa6VhpdQcwTWqj9PDH3oq6Be2p0IW/VDURJvPWDnBAUw==

bootstrap@^4.3.1:
  version "4.3.1"
  resolved "https://registry.yarnpkg.com/bootstrap/-/bootstrap-4.3.1.tgz#280ca8f610504d99d7b6b4bfc4b68cec601704ac"
  integrity sha512-rXqOmH1VilAt2DyPzluTi2blhk17bO7ef+zLLPlWvG494pDxcM234pJ8wTc/6R40UWizAIIMgxjvxZg5kmsbag==

vue-analytics@^5.16.4:
  version "5.16.4"
  resolved "https://registry.yarnpkg.com/vue-analytics/-/vue-analytics-5.16.4.tgz#7f9e197cbc64afac96884a05214b17efaf8e9d09"
  integrity sha512-M67cUqpPeyk2rftrvlx2uU+BQ/C4E8SkF2Ct9LizOYUoTccZtCCJwhMJfQ3XL8xep6p3K8KYz58FzRWvx5zlPw==

vuetify@2.0.0-alpha.9:
  version "2.0.0-alpha.9"
  resolved "https://registry.yarnpkg.com/vuetify/-/vuetify-2.0.0-alpha.9.tgz#5aca564f9ed374f87af77823047d49a05c7c127e"
  integrity sha512-Lqc6xA3mmAb/iKWT6N0P/XEcRBdPcbRnimTmBjQPo3uCfmFo9MT3lyTFoNWh38B3piqvm2idq7ktA1ZHuIpHRg==
